
Microsoft Visual Studio Solution File, Format Version 12.00
# Visual Studio 15
VisualStudioVersion = 15.0.27004.2002
MinimumVisualStudioVersion = 10.0.40219.1
Project("{FAE04EC0-301F-11D3-BF4B-00C04F79EFBC}") = "N8.GPSMapa.Android", "N8.GPSMapa\N8.GPSMapa.Android\N8.GPSMapa.Android.csproj", "{AA050089-E971-452E-BF2A-399C4D8517B8}"
EndProject
Project("{FAE04EC0-301F-11D3-BF4B-00C04F79EFBC}") = "N8.GPSMapa", "N8.GPSMapa\N8.GPSMapa\N8.GPSMapa.csproj", "{35381EF7-1118-456B-BA86-C9F8DCDBAE0E}"
EndProject
Project("{FAE04EC0-301F-11D3-BF4B-00C04F79EFBC}") = "N8.GPSMapa.UWP", "N8.GPSMapa\N8.GPSMapa.UWP\N8.GPSMapa.UWP.csproj", "{F77FDB90-5E72-4ACD-A3F7-7C19D98E44FA}"
EndProject
Project("{FAE04EC0-301F-11D3-BF4B-00C04F79EFBC}") = "N8.GPSMapa.iOS", "N8.GPSMapa\N8.GPSMapa.iOS\N8.GPSMapa.iOS.csproj", "{F8255D4D-F706-40FD-912B-D5DD22C8C3CA}"
EndProject
Global
	GlobalSection(SolutionConfigurationPlatforms) = preSolution
		Ad-Hoc|Any CPU = Ad-Hoc|Any CPU
		Ad-Hoc|ARM = Ad-Hoc|ARM
		Ad-Hoc|iPhone = Ad-Hoc|iPhone
		Ad-Hoc|iPhoneSimulator = Ad-Hoc|iPhoneSimulator
		Ad-Hoc|x64 = Ad-Hoc|x64
		Ad-Hoc|x86 = Ad-Hoc|x86
		AppStore|Any CPU = AppStore|Any CPU
		AppStore|ARM = AppStore|ARM
		AppStore|iPhone = AppStore|iPhone
		AppStore|iPhoneSimulator = AppStore|iPhoneSimulator
		AppStore|x64 = AppStore|x64
		AppStore|x86 = AppStore|x86
		Debug|Any CPU = Debug|Any CPU
		Debug|ARM = Debug|ARM
		Debug|iPhone = Debug|iPhone
		Debug|iPhoneSimulator = Debug|iPhoneSimulator
		Debug|x64 = Debug|x64
		Debug|x86 = Debug|x86
		Release|Any CPU = Release|Any CPU
		Release|ARM = Release|ARM
		Release|iPhone = Release|iPhone
		Release|iPhoneSimulator = Release|iPhoneSimulator
		Release|x64 = Release|x64
		Release|x86 = Release|x86
	EndGlobalSection
	GlobalSection(ProjectConfigurationPlatforms) = postSolution
		{AA050089-E971-452E-BF2A-399C4D8517B8}.Ad-Hoc|Any CPU.ActiveCfg = Release|Any CPU
		{AA050089-E971-452E-BF2A-399C4D8517B8}.Ad-Hoc|Any CPU.Build.0 = Release|Any CPU
		{AA050089-E971-452E-BF2A-399C4D8517B8}.Ad-Hoc|Any CPU.Deploy.0 = Release|Any CPU
		{AA050089-E971-452E-BF2A-399C4D8517B8}.Ad-Hoc|ARM.ActiveCfg = Release|Any CPU
		{AA050089-E971-452E-BF2A-399C4D8517B8}.Ad-Hoc|ARM.Build.0 = Release|Any CPU
		{AA050089-E971-452E-BF2A-399C4D8517B8}.Ad-Hoc|ARM.Deploy.0 = Release|Any CPU
		{AA050089-E971-452E-BF2A-399C4D8517B8}.Ad-Hoc|iPhone.ActiveCfg = Release|Any CPU
		{AA050089-E971-452E-BF2A-399C4D8517B8}.Ad-Hoc|iPhone.Build.0 = Release|Any CPU
		{AA050089-E971-452E-BF2A-399C4D8517B8}.Ad-Hoc|iPhone.Deploy.0 = Release|Any CPU
		{AA050089-E971-452E-BF2A-399C4D8517B8}.Ad-Hoc|iPhoneSimulator.ActiveCfg = Release|Any CPU
		{AA050089-E971-452E-BF2A-399C4D8517B8}.Ad-Hoc|iPhoneSimulator.Build.0 = Release|Any CPU
		{AA050089-E971-452E-BF2A-399C4D8517B8}.Ad-Hoc|iPhoneSimulator.Deploy.0 = Release|Any CPU
		{AA050089-E971-452E-BF2A-399C4D8517B8}.Ad-Hoc|x64.ActiveCfg = Release|Any CPU
		{AA050089-E971-452E-BF2A-399C4D8517B8}.Ad-Hoc|x64.Build.0 = Release|Any CPU
		{AA050089-E971-452E-BF2A-399C4D8517B8}.Ad-Hoc|x64.Deploy.0 = Release|Any CPU
		{AA050089-E971-452E-BF2A-399C4D8517B8}.Ad-Hoc|x86.ActiveCfg = Release|Any CPU
		{AA050089-E971-452E-BF2A-399C4D8517B8}.Ad-Hoc|x86.Build.0 = Release|Any CPU
		{AA050089-E971-452E-BF2A-399C4D8517B8}.Ad-Hoc|x86.Deploy.0 = Release|Any CPU
		{AA050089-E971-452E-BF2A-399C4D8517B8}.AppStore|Any CPU.ActiveCfg = Release|Any CPU
		{AA050089-E971-452E-BF2A-399C4D8517B8}.AppStore|Any CPU.Build.0 = Release|Any CPU
		{AA050089-E971-452E-BF2A-399C4D8517B8}.AppStore|Any CPU.Deploy.0 = Release|Any CPU
		{AA050089-E971-452E-BF2A-399C4D8517B8}.AppStore|ARM.ActiveCfg = Release|Any CPU
		{AA050089-E971-452E-BF2A-399C4D8517B8}.AppStore|ARM.Build.0 = Release|Any CPU
		{AA050089-E971-452E-BF2A-399C4D8517B8}.AppStore|ARM.Deploy.0 = Release|Any CPU
		{AA050089-E971-452E-BF2A-399C4D8517B8}.AppStore|iPhone.ActiveCfg = Release|Any CPU
		{AA050089-E971-452E-BF2A-399C4D8517B8}.AppStore|iPhone.Build.0 = Release|Any CPU
		{AA050089-E971-452E-BF2A-399C4D8517B8}.AppStore|iPhone.Deploy.0 = Release|Any CPU
		{AA050089-E971-452E-BF2A-399C4D8517B8}.AppStore|iPhoneSimulator.ActiveCfg = Release|Any CPU
		{AA050089-E971-452E-BF2A-399C4D8517B8}.AppStore|iPhoneSimulator.Build.0 = Release|Any CPU
		{AA050089-E971-452E-BF2A-399C4D8517B8}.AppStore|iPhoneSimulator.Deploy.0 = Release|Any CPU
		{AA050089-E971-452E-BF2A-399C4D8517B8}.AppStore|x64.ActiveCfg = Release|Any CPU
		{AA050089-E971-452E-BF2A-399C4D8517B8}.AppStore|x64.Build.0 = Release|Any CPU
		{AA050089-E971-452E-BF2A-399C4D8517B8}.AppStore|x64.Deploy.0 = Release|Any CPU
		{AA050089-E971-452E-BF2A-399C4D8517B8}.AppStore|x86.ActiveCfg = Release|Any CPU
		{AA050089-E971-452E-BF2A-399C4D8517B8}.AppStore|x86.Build.0 = Release|Any CPU
		{AA050089-E971-452E-BF2A-399C4D8517B8}.AppStore|x86.Deploy.0 = Release|Any CPU
		{AA050089-E971-452E-BF2A-399C4D8517B8}.Debug|Any CPU.ActiveCfg = Debug|Any CPU
		{AA050089-E971-452E-BF2A-399C4D8517B8}.Debug|Any CPU.Build.0 = Debug|Any CPU
		{AA050089-E971-452E-BF2A-399C4D8517B8}.Debug|Any CPU.Deploy.0 = Debug|Any CPU
		{AA050089-E971-452E-BF2A-399C4D8517B8}.Debug|ARM.ActiveCfg = Debug|Any CPU
		{AA050089-E971-452E-BF2A-399C4D8517B8}.Debug|ARM.Build.0 = Debug|Any CPU
		{AA050089-E971-452E-BF2A-399C4D8517B8}.Debug|ARM.Deploy.0 = Debug|Any CPU
		{AA050089-E971-452E-BF2A-399C4D8517B8}.Debug|iPhone.ActiveCfg = Debug|Any CPU
		{AA050089-E971-452E-BF2A-399C4D8517B8}.Debug|iPhone.Build.0 = Debug|Any CPU
		{AA050089-E971-452E-BF2A-399C4D8517B8}.Debug|iPhone.Deploy.0 = Debug|Any CPU
		{AA050089-E971-452E-BF2A-399C4D8517B8}.Debug|iPhoneSimulator.ActiveCfg = Debug|Any CPU
		{AA050089-E971-452E-BF2A-399C4D8517B8}.Debug|iPhoneSimulator.Build.0 = Debug|Any CPU
		{AA050089-E971-452E-BF2A-399C4D8517B8}.Debug|iPhoneSimulator.Deploy.0 = Debug|Any CPU
		{AA050089-E971-452E-BF2A-399C4D8517B8}.Debug|x64.ActiveCfg = Debug|Any CPU
		{AA050089-E971-452E-BF2A-399C4D8517B8}.Debug|x64.Build.0 = Debug|Any CPU
		{AA050089-E971-452E-BF2A-399C4D8517B8}.Debug|x64.Deploy.0 = Debug|Any CPU
		{AA050089-E971-452E-BF2A-399C4D8517B8}.Debug|x86.ActiveCfg = Debug|Any CPU
		{AA050089-E971-452E-BF2A-399C4D8517B8}.Debug|x86.Build.0 = Debug|Any CPU
		{AA050089-E971-452E-BF2A-399C4D8517B8}.Debug|x86.Deploy.0 = Debug|Any CPU
		{AA050089-E971-452E-BF2A-399C4D8517B8}.Release|Any CPU.ActiveCfg = Release|Any CPU
		{AA050089-E971-452E-BF2A-399C4D8517B8}.Release|Any CPU.Build.0 = Release|Any CPU
		{AA050089-E971-452E-BF2A-399C4D8517B8}.Release|Any CPU.Deploy.0 = Release|Any CPU
		{AA050089-E971-452E-BF2A-399C4D8517B8}.Release|ARM.ActiveCfg = Release|Any CPU
		{AA050089-E971-452E-BF2A-399C4D8517B8}.Release|ARM.Build.0 = Release|Any CPU
		{AA050089-E971-452E-BF2A-399C4D8517B8}.Release|ARM.Deploy.0 = Release|Any CPU
		{AA050089-E971-452E-BF2A-399C4D8517B8}.Release|iPhone.ActiveCfg = Release|Any CPU
		{AA050089-E971-452E-BF2A-399C4D8517B8}.Release|iPhone.Build.0 = Release|Any CPU
		{AA050089-E971-452E-BF2A-399C4D8517B8}.Release|iPhone.Deploy.0 = Release|Any CPU
		{AA050089-E971-452E-BF2A-399C4D8517B8}.Release|iPhoneSimulator.ActiveCfg = Release|Any CPU
		{AA050089-E971-452E-BF2A-399C4D8517B8}.Release|iPhoneSimulator.Build.0 = Release|Any CPU
		{AA050089-E971-452E-BF2A-399C4D8517B8}.Release|iPhoneSimulator.Deploy.0 = Release|Any CPU
		{AA050089-E971-452E-BF2A-399C4D8517B8}.Release|x64.ActiveCfg = Release|Any CPU
		{AA050089-E971-452E-BF2A-399C4D8517B8}.Release|x64.Build.0 = Release|Any CPU
		{AA050089-E971-452E-BF2A-399C4D8517B8}.Release|x64.Deploy.0 = Release|Any CPU
		{AA050089-E971-452E-BF2A-399C4D8517B8}.Release|x86.ActiveCfg = Release|Any CPU
		{AA050089-E971-452E-BF2A-399C4D8517B8}.Release|x86.Build.0 = Release|Any CPU
		{AA050089-E971-452E-BF2A-399C4D8517B8}.Release|x86.Deploy.0 = Release|Any CPU
		{35381EF7-1118-456B-BA86-C9F8DCDBAE0E}.Ad-Hoc|Any CPU.ActiveCfg = Release|Any CPU
		{35381EF7-1118-456B-BA86-C9F8DCDBAE0E}.Ad-Hoc|Any CPU.Build.0 = Release|Any CPU
		{35381EF7-1118-456B-BA86-C9F8DCDBAE0E}.Ad-Hoc|ARM.ActiveCfg = Release|Any CPU
		{35381EF7-1118-456B-BA86-C9F8DCDBAE0E}.Ad-Hoc|ARM.Build.0 = Release|Any CPU
		{35381EF7-1118-456B-BA86-C9F8DCDBAE0E}.Ad-Hoc|iPhone.ActiveCfg = Release|Any CPU
		{35381EF7-1118-456B-BA86-C9F8DCDBAE0E}.Ad-Hoc|iPhone.Build.0 = Release|Any CPU
		{35381EF7-1118-456B-BA86-C9F8DCDBAE0E}.Ad-Hoc|iPhoneSimulator.ActiveCfg = Release|Any CPU
		{35381EF7-1118-456B-BA86-C9F8DCDBAE0E}.Ad-Hoc|iPhoneSimulator.Build.0 = Release|Any CPU
		{35381EF7-1118-456B-BA86-C9F8DCDBAE0E}.Ad-Hoc|x64.ActiveCfg = Release|Any CPU
		{35381EF7-1118-456B-BA86-C9F8DCDBAE0E}.Ad-Hoc|x64.Build.0 = Release|Any CPU
		{35381EF7-1118-456B-BA86-C9F8DCDBAE0E}.Ad-Hoc|x86.ActiveCfg = Release|Any CPU
		{35381EF7-1118-456B-BA86-C9F8DCDBAE0E}.Ad-Hoc|x86.Build.0 = Release|Any CPU
		{35381EF7-1118-456B-BA86-C9F8DCDBAE0E}.AppStore|Any CPU.ActiveCfg = Release|Any CPU
		{35381EF7-1118-456B-BA86-C9F8DCDBAE0E}.AppStore|Any CPU.Build.0 = Release|Any CPU
		{35381EF7-1118-456B-BA86-C9F8DCDBAE0E}.AppStore|ARM.ActiveCfg = Release|Any CPU
		{35381EF7-1118-456B-BA86-C9F8DCDBAE0E}.AppStore|ARM.Build.0 = Release|Any CPU
		{35381EF7-1118-456B-BA86-C9F8DCDBAE0E}.AppStore|iPhone.ActiveCfg = Release|Any CPU
		{35381EF7-1118-456B-BA86-C9F8DCDBAE0E}.AppStore|iPhone.Build.0 = Release|Any CPU
		{35381EF7-1118-456B-BA86-C9F8DCDBAE0E}.AppStore|iPhoneSimulator.ActiveCfg = Release|Any CPU
		{35381EF7-1118-456B-BA86-C9F8DCDBAE0E}.AppStore|iPhoneSimulator.Build.0 = Release|Any CPU
		{35381EF7-1118-456B-BA86-C9F8DCDBAE0E}.AppStore|x64.ActiveCfg = Release|Any CPU
		{35381EF7-1118-456B-BA86-C9F8DCDBAE0E}.AppStore|x64.Build.0 = Release|Any CPU
		{35381EF7-1118-456B-BA86-C9F8DCDBAE0E}.AppStore|x86.ActiveCfg = Release|Any CPU
		{35381EF7-1118-456B-BA86-C9F8DCDBAE0E}.AppStore|x86.Build.0 = Release|Any CPU
		{35381EF7-1118-456B-BA86-C9F8DCDBAE0E}.Debug|Any CPU.ActiveCfg = Debug|Any CPU
		{35381EF7-1118-456B-BA86-C9F8DCDBAE0E}.Debug|Any CPU.Build.0 = Debug|Any CPU
		{35381EF7-1118-456B-BA86-C9F8DCDBAE0E}.Debug|ARM.ActiveCfg = Debug|Any CPU
		{35381EF7-1118-456B-BA86-C9F8DCDBAE0E}.Debug|ARM.Build.0 = Debug|Any CPU
		{35381EF7-1118-456B-BA86-C9F8DCDBAE0E}.Debug|iPhone.ActiveCfg = Debug|Any CPU
		{35381EF7-1118-456B-BA86-C9F8DCDBAE0E}.Debug|iPhone.Build.0 = Debug|Any CPU
		{35381EF7-1118-456B-BA86-C9F8DCDBAE0E}.Debug|iPhoneSimulator.ActiveCfg = Debug|Any CPU
		{35381EF7-1118-456B-BA86-C9F8DCDBAE0E}.Debug|iPhoneSimulator.Build.0 = Debug|Any CPU
		{35381EF7-1118-456B-BA86-C9F8DCDBAE0E}.Debug|x64.ActiveCfg = Debug|Any CPU
		{35381EF7-1118-456B-BA86-C9F8DCDBAE0E}.Debug|x64.Build.0 = Debug|Any CPU
		{35381EF7-1118-456B-BA86-C9F8DCDBAE0E}.Debug|x86.ActiveCfg = Debug|Any CPU
		{35381EF7-1118-456B-BA86-C9F8DCDBAE0E}.Debug|x86.Build.0 = Debug|Any CPU
		{35381EF7-1118-456B-BA86-C9F8DCDBAE0E}.Release|Any CPU.ActiveCfg = Release|Any CPU
		{35381EF7-1118-456B-BA86-C9F8DCDBAE0E}.Release|Any CPU.Build.0 = Release|Any CPU
		{35381EF7-1118-456B-BA86-C9F8DCDBAE0E}.Release|ARM.ActiveCfg = Release|Any CPU
		{35381EF7-1118-456B-BA86-C9F8DCDBAE0E}.Release|ARM.Build.0 = Release|Any CPU
		{35381EF7-1118-456B-BA86-C9F8DCDBAE0E}.Release|iPhone.ActiveCfg = Release|Any CPU
		{35381EF7-1118-456B-BA86-C9F8DCDBAE0E}.Release|iPhone.Build.0 = Release|Any CPU
		{35381EF7-1118-456B-BA86-C9F8DCDBAE0E}.Release|iPhoneSimulator.ActiveCfg = Release|Any CPU
		{35381EF7-1118-456B-BA86-C9F8DCDBAE0E}.Release|iPhoneSimulator.Build.0 = Release|Any CPU
		{35381EF7-1118-456B-BA86-C9F8DCDBAE0E}.Release|x64.ActiveCfg = Release|Any CPU
		{35381EF7-1118-456B-BA86-C9F8DCDBAE0E}.Release|x64.Build.0 = Release|Any CPU
		{35381EF7-1118-456B-BA86-C9F8DCDBAE0E}.Release|x86.ActiveCfg = Release|Any CPU
		{35381EF7-1118-456B-BA86-C9F8DCDBAE0E}.Release|x86.Build.0 = Release|Any CPU
		{F77FDB90-5E72-4ACD-A3F7-7C19D98E44FA}.Ad-Hoc|Any CPU.ActiveCfg = Release|x86
		{F77FDB90-5E72-4ACD-A3F7-7C19D98E44FA}.Ad-Hoc|Any CPU.Build.0 = Release|x86
		{F77FDB90-5E72-4ACD-A3F7-7C19D98E44FA}.Ad-Hoc|Any CPU.Deploy.0 = Release|x86
		{F77FDB90-5E72-4ACD-A3F7-7C19D98E44FA}.Ad-Hoc|ARM.ActiveCfg = Release|ARM
		{F77FDB90-5E72-4ACD-A3F7-7C19D98E44FA}.Ad-Hoc|ARM.Build.0 = Release|ARM
		{F77FDB90-5E72-4ACD-A3F7-7C19D98E44FA}.Ad-Hoc|ARM.Deploy.0 = Release|ARM
		{F77FDB90-5E72-4ACD-A3F7-7C19D98E44FA}.Ad-Hoc|iPhone.ActiveCfg = Release|x86
		{F77FDB90-5E72-4ACD-A3F7-7C19D98E44FA}.Ad-Hoc|iPhone.Build.0 = Release|x86
		{F77FDB90-5E72-4ACD-A3F7-7C19D98E44FA}.Ad-Hoc|iPhone.Deploy.0 = Release|x86
		{F77FDB90-5E72-4ACD-A3F7-7C19D98E44FA}.Ad-Hoc|iPhoneSimulator.ActiveCfg = Release|x86
		{F77FDB90-5E72-4ACD-A3F7-7C19D98E44FA}.Ad-Hoc|iPhoneSimulator.Build.0 = Release|x86
		{F77FDB90-5E72-4ACD-A3F7-7C19D98E44FA}.Ad-Hoc|iPhoneSimulator.Deploy.0 = Release|x86
		{F77FDB90-5E72-4ACD-A3F7-7C19D98E44FA}.Ad-Hoc|x64.ActiveCfg = Release|x64
		{F77FDB90-5E72-4ACD-A3F7-7C19D98E44FA}.Ad-Hoc|x64.Build.0 = Release|x64
		{F77FDB90-5E72-4ACD-A3F7-7C19D98E44FA}.Ad-Hoc|x64.Deploy.0 = Release|x64
		{F77FDB90-5E72-4ACD-A3F7-7C19D98E44FA}.Ad-Hoc|x86.ActiveCfg = Release|x86
		{F77FDB90-5E72-4ACD-A3F7-7C19D98E44FA}.Ad-Hoc|x86.Build.0 = Release|x86
		{F77FDB90-5E72-4ACD-A3F7-7C19D98E44FA}.Ad-Hoc|x86.Deploy.0 = Release|x86
		{F77FDB90-5E72-4ACD-A3F7-7C19D98E44FA}.AppStore|Any CPU.ActiveCfg = Release|x86
		{F77FDB90-5E72-4ACD-A3F7-7C19D98E44FA}.AppStore|Any CPU.Build.0 = Release|x86
		{F77FDB90-5E72-4ACD-A3F7-7C19D98E44FA}.AppStore|Any CPU.Deploy.0 = Release|x86
		{F77FDB90-5E72-4ACD-A3F7-7C19D98E44FA}.AppStore|ARM.ActiveCfg = Release|ARM
		{F77FDB90-5E72-4ACD-A3F7-7C19D98E44FA}.AppStore|ARM.Build.0 = Release|ARM
		{F77FDB90-5E72-4ACD-A3F7-7C19D98E44FA}.AppStore|ARM.Deploy.0 = Release|ARM
		{F77FDB90-5E72-4ACD-A3F7-7C19D98E44FA}.AppStore|iPhone.ActiveCfg = Release|x86
		{F77FDB90-5E72-4ACD-A3F7-7C19D98E44FA}.AppStore|iPhone.Build.0 = Release|x86
		{F77FDB90-5E72-4ACD-A3F7-7C19D98E44FA}.AppStore|iPhone.Deploy.0 = Release|x86
		{F77FDB90-5E72-4ACD-A3F7-7C19D98E44FA}.AppStore|iPhoneSimulator.ActiveCfg = Release|x86
		{F77FDB90-5E72-4ACD-A3F7-7C19D98E44FA}.AppStore|iPhoneSimulator.Build.0 = Release|x86
		{F77FDB90-5E72-4ACD-A3F7-7C19D98E44FA}.AppStore|iPhoneSimulator.Deploy.0 = Release|x86
		{F77FDB90-5E72-4ACD-A3F7-7C19D98E44FA}.AppStore|x64.ActiveCfg = Release|x64
		{F77FDB90-5E72-4ACD-A3F7-7C19D98E44FA}.AppStore|x64.Build.0 = Release|x64
		{F77FDB90-5E72-4ACD-A3F7-7C19D98E44FA}.AppStore|x64.Deploy.0 = Release|x64
		{F77FDB90-5E72-4ACD-A3F7-7C19D98E44FA}.AppStore|x86.ActiveCfg = Release|x86
		{F77FDB90-5E72-4ACD-A3F7-7C19D98E44FA}.AppStore|x86.Build.0 = Release|x86
		{F77FDB90-5E72-4ACD-A3F7-7C19D98E44FA}.AppStore|x86.Deploy.0 = Release|x86
		{F77FDB90-5E72-4ACD-A3F7-7C19D98E44FA}.Debug|Any CPU.ActiveCfg = Debug|x86
		{F77FDB90-5E72-4ACD-A3F7-7C19D98E44FA}.Debug|ARM.ActiveCfg = Debug|ARM
		{F77FDB90-5E72-4ACD-A3F7-7C19D98E44FA}.Debug|ARM.Build.0 = Debug|ARM
		{F77FDB90-5E72-4ACD-A3F7-7C19D98E44FA}.Debug|ARM.Deploy.0 = Debug|ARM
		{F77FDB90-5E72-4ACD-A3F7-7C19D98E44FA}.Debug|iPhone.ActiveCfg = Debug|x86
		{F77FDB90-5E72-4ACD-A3F7-7C19D98E44FA}.Debug|iPhoneSimulator.ActiveCfg = Debug|x86
		{F77FDB90-5E72-4ACD-A3F7-7C19D98E44FA}.Debug|x64.ActiveCfg = Debug|x64
		{F77FDB90-5E72-4ACD-A3F7-7C19D98E44FA}.Debug|x64.Build.0 = Debug|x64
		{F77FDB90-5E72-4ACD-A3F7-7C19D98E44FA}.Debug|x64.Deploy.0 = Debug|x64
		{F77FDB90-5E72-4ACD-A3F7-7C19D98E44FA}.Debug|x86.ActiveCfg = Debug|x86
		{F77FDB90-5E72-4ACD-A3F7-7C19D98E44FA}.Debug|x86.Build.0 = Debug|x86
		{F77FDB90-5E72-4ACD-A3F7-7C19D98E44FA}.Debug|x86.Deploy.0 = Debug|x86
		{F77FDB90-5E72-4ACD-A3F7-7C19D98E44FA}.Release|Any CPU.ActiveCfg = Release|x86
		{F77FDB90-5E72-4ACD-A3F7-7C19D98E44FA}.Release|ARM.ActiveCfg = Release|ARM
		{F77FDB90-5E72-4ACD-A3F7-7C19D98E44FA}.Release|ARM.Build.0 = Release|ARM
		{F77FDB90-5E72-4ACD-A3F7-7C19D98E44FA}.Release|ARM.Deploy.0 = Release|ARM
		{F77FDB90-5E72-4ACD-A3F7-7C19D98E44FA}.Release|iPhone.ActiveCfg = Release|x86
		{F77FDB90-5E72-4ACD-A3F7-7C19D98E44FA}.Release|iPhoneSimulator.ActiveCfg = Release|x86
		{F77FDB90-5E72-4ACD-A3F7-7C19D98E44FA}.Release|x64.ActiveCfg = Release|x64
		{F77FDB90-5E72-4ACD-A3F7-7C19D98E44FA}.Release|x64.Build.0 = Release|x64
		{F77FDB90-5E72-4ACD-A3F7-7C19D98E44FA}.Release|x64.Deploy.0 = Release|x64
		{F77FDB90-5E72-4ACD-A3F7-7C19D98E44FA}.Release|x86.ActiveCfg = Release|x86
		{F77FDB90-5E72-4ACD-A3F7-7C19D98E44FA}.Release|x86.Build.0 = Release|x86
		{F77FDB90-5E72-4ACD-A3F7-7C19D98E44FA}.Release|x86.Deploy.0 = Release|x86
		{F8255D4D-F706-40FD-912B-D5DD22C8C3CA}.Ad-Hoc|Any CPU.ActiveCfg = Ad-Hoc|iPhoneSimulator
		{F8255D4D-F706-40FD-912B-D5DD22C8C3CA}.Ad-Hoc|ARM.ActiveCfg = Ad-Hoc|iPhone
		{F8255D4D-F706-40FD-912B-D5DD22C8C3CA}.Ad-Hoc|iPhone.ActiveCfg = Ad-Hoc|iPhone
		{F8255D4D-F706-40FD-912B-D5DD22C8C3CA}.Ad-Hoc|iPhone.Build.0 = Ad-Hoc|iPhone
		{F8255D4D-F706-40FD-912B-D5DD22C8C3CA}.Ad-Hoc|iPhoneSimulator.ActiveCfg = Ad-Hoc|iPhoneSimulator
		{F8255D4D-F706-40FD-912B-D5DD22C8C3CA}.Ad-Hoc|iPhoneSimulator.Build.0 = Ad-Hoc|iPhoneSimulator
		{F8255D4D-F706-40FD-912B-D5DD22C8C3CA}.Ad-Hoc|x64.ActiveCfg = Ad-Hoc|iPhone
		{F8255D4D-F706-40FD-912B-D5DD22C8C3CA}.Ad-Hoc|x86.ActiveCfg = Ad-Hoc|iPhone
		{F8255D4D-F706-40FD-912B-D5DD22C8C3CA}.AppStore|Any CPU.ActiveCfg = AppStore|iPhoneSimulator
		{F8255D4D-F706-40FD-912B-D5DD22C8C3CA}.AppStore|ARM.ActiveCfg = AppStore|iPhone
		{F8255D4D-F706-40FD-912B-D5DD22C8C3CA}.AppStore|iPhone.ActiveCfg = AppStore|iPhone
		{F8255D4D-F706-40FD-912B-D5DD22C8C3CA}.AppStore|iPhone.Build.0 = AppStore|iPhone
		{F8255D4D-F706-40FD-912B-D5DD22C8C3CA}.AppStore|iPhoneSimulator.ActiveCfg = AppStore|iPhoneSimulator
		{F8255D4D-F706-40FD-912B-D5DD22C8C3CA}.AppStore|iPhoneSimulator.Build.0 = AppStore|iPhoneSimulator
		{F8255D4D-F706-40FD-912B-D5DD22C8C3CA}.AppStore|x64.ActiveCfg = AppStore|iPhone
		{F8255D4D-F706-40FD-912B-D5DD22C8C3CA}.AppStore|x86.ActiveCfg = AppStore|iPhone
		{F8255D4D-F706-40FD-912B-D5DD22C8C3CA}.Debug|Any CPU.ActiveCfg = Debug|iPhoneSimulator
		{F8255D4D-F706-40FD-912B-D5DD22C8C3CA}.Debug|ARM.ActiveCfg = Debug|iPhone
		{F8255D4D-F706-40FD-912B-D5DD22C8C3CA}.Debug|iPhone.ActiveCfg = Debug|iPhone
		{F8255D4D-F706-40FD-912B-D5DD22C8C3CA}.Debug|iPhone.Build.0 = Debug|iPhone
		{F8255D4D-F706-40FD-912B-D5DD22C8C3CA}.Debug|iPhoneSimulator.ActiveCfg = Debug|iPhoneSimulator
		{F8255D4D-F706-40FD-912B-D5DD22C8C3CA}.Debug|iPhoneSimulator.Build.0 = Debug|iPhoneSimulator
		{F8255D4D-F706-40FD-912B-D5DD22C8C3CA}.Debug|x64.ActiveCfg = Debug|iPhone
		{F8255D4D-F706-40FD-912B-D5DD22C8C3CA}.Debug|x86.ActiveCfg = Debug|iPhone
		{F8255D4D-F706-40FD-912B-D5DD22C8C3CA}.Release|Any CPU.ActiveCfg = Release|iPhoneSimulator
		{F8255D4D-F706-40FD-912B-D5DD22C8C3CA}.Release|ARM.ActiveCfg = Release|iPhone
		{F8255D4D-F706-40FD-912B-D5DD22C8C3CA}.Release|iPhone.ActiveCfg = Release|iPhone
		{F8255D4D-F706-40FD-912B-D5DD22C8C3CA}.Release|iPhone.Build.0 = Release|iPhone
		{F8255D4D-F706-40FD-912B-D5DD22C8C3CA}.Release|iPhoneSimulator.ActiveCfg = Release|iPhoneSimulator
		{F8255D4D-F706-40FD-912B-D5DD22C8C3CA}.Release|iPhoneSimulator.Build.0 = Release|iPhoneSimulator
		{F8255D4D-F706-40FD-912B-D5DD22C8C3CA}.Release|x64.ActiveCfg = Release|iPhone
		{F8255D4D-F706-40FD-912B-D5DD22C8C3CA}.Release|x86.ActiveCfg = Release|iPhone
	EndGlobalSection
	GlobalSection(SolutionProperties) = preSolution
		HideSolutionNode = FALSE
	EndGlobalSection
	GlobalSection(ExtensibilityGlobals) = postSolution
		SolutionGuid = {0CD95F72-99BD-4E20-9851-D5FFB75BF556}
	EndGlobalSection
EndGlobal
